// !$*UTF8*$!
{
	archiveVersion = 1;
	classes = {
	};
	objectVersion = 51;
	objects = {

/* Begin PBXBuildFile section */
		0BB9D4D12748F3250011F1AD /* GistListViewModelDataManager.swift in Sources */ = {isa = PBXBuildFile; fileRef = 0BB9D4D02748F3250011F1AD /* GistListViewModelDataManager.swift */; };
		0BB9D4D3274AA0340011F1AD /* APIRequest.swift in Sources */ = {isa = PBXBuildFile; fileRef = 0BB9D4D2274AA0340011F1AD /* APIRequest.swift */; };
		0BB9D4D5274AA0500011F1AD /* GistRequest.swift in Sources */ = {isa = PBXBuildFile; fileRef = 0BB9D4D4274AA0500011F1AD /* GistRequest.swift */; };
		0BB9D4D7274AA0690011F1AD /* UserSharesRequest.swift in Sources */ = {isa = PBXBuildFile; fileRef = 0BB9D4D6274AA0690011F1AD /* UserSharesRequest.swift */; };
		0BC6012B2746B28200B710F1 /* AppDelegate.swift in Sources */ = {isa = PBXBuildFile; fileRef = 0BC6012A2746B28200B710F1 /* AppDelegate.swift */; };
		0BC6012D2746B28200B710F1 /* SceneDelegate.swift in Sources */ = {isa = PBXBuildFile; fileRef = 0BC6012C2746B28200B710F1 /* SceneDelegate.swift */; };
		0BC601322746B28200B710F1 /* Main.storyboard in Resources */ = {isa = PBXBuildFile; fileRef = 0BC601302746B28200B710F1 /* Main.storyboard */; };
		0BC601342746B28500B710F1 /* Assets.xcassets in Resources */ = {isa = PBXBuildFile; fileRef = 0BC601332746B28500B710F1 /* Assets.xcassets */; };
		0BC601372746B28500B710F1 /* LaunchScreen.storyboard in Resources */ = {isa = PBXBuildFile; fileRef = 0BC601352746B28500B710F1 /* LaunchScreen.storyboard */; };
		0BC601422746B28600B710F1 /* GistsTests.swift in Sources */ = {isa = PBXBuildFile; fileRef = 0BC601412746B28600B710F1 /* GistsTests.swift */; };
		0BC6014D2746B28600B710F1 /* GistsUITests.swift in Sources */ = {isa = PBXBuildFile; fileRef = 0BC6014C2746B28600B710F1 /* GistsUITests.swift */; };
		0BC601692746B32800B710F1 /* APIClient.swift in Sources */ = {isa = PBXBuildFile; fileRef = 0BC6015A2746B32800B710F1 /* APIClient.swift */; };
		0BC6016B2746B32800B710F1 /* GistListViewController.swift in Sources */ = {isa = PBXBuildFile; fileRef = 0BC6015C2746B32800B710F1 /* GistListViewController.swift */; };
		0BC6016C2746B32800B710F1 /* GistTableViewCell.swift in Sources */ = {isa = PBXBuildFile; fileRef = 0BC6015D2746B32800B710F1 /* GistTableViewCell.swift */; };
		0BC6016D2746B32800B710F1 /* UserFiles.swift in Sources */ = {isa = PBXBuildFile; fileRef = 0BC6015E2746B32800B710F1 /* UserFiles.swift */; };
		0BC6016E2746B32800B710F1 /* UIImage+Extension.swift in Sources */ = {isa = PBXBuildFile; fileRef = 0BC6015F2746B32800B710F1 /* UIImage+Extension.swift */; };
		0BC6016F2746B32800B710F1 /* GistListViewModel.swift in Sources */ = {isa = PBXBuildFile; fileRef = 0BC601612746B32800B710F1 /* GistListViewModel.swift */; };
		0BC601702746B32800B710F1 /* DetailViewController.swift in Sources */ = {isa = PBXBuildFile; fileRef = 0BC601622746B32800B710F1 /* DetailViewController.swift */; };
		0BC601712746B32800B710F1 /* Constants.swift in Sources */ = {isa = PBXBuildFile; fileRef = 0BC601632746B32800B710F1 /* Constants.swift */; };
		0BC601732746B32800B710F1 /* Gist.swift in Sources */ = {isa = PBXBuildFile; fileRef = 0BC601652746B32800B710F1 /* Gist.swift */; };
		0BC601742746B32800B710F1 /* GistUser.swift in Sources */ = {isa = PBXBuildFile; fileRef = 0BC601662746B32800B710F1 /* GistUser.swift */; };
		0BC601752746B32800B710F1 /* GistTableViewCell.xib in Resources */ = {isa = PBXBuildFile; fileRef = 0BC601672746B32800B710F1 /* GistTableViewCell.xib */; };
		0BC601872746C45300B710F1 /* ViewModelBridge.swift in Sources */ = {isa = PBXBuildFile; fileRef = 0BC601862746C45300B710F1 /* ViewModelBridge.swift */; };
		0BC6018B2747943400B710F1 /* UserGistShares.swift in Sources */ = {isa = PBXBuildFile; fileRef = 0BC601892747943400B710F1 /* UserGistShares.swift */; };
		0BC6018E274797D500B710F1 /* UserGistSharesTableViewCell.xib in Resources */ = {isa = PBXBuildFile; fileRef = 0BC6018C274797D500B710F1 /* UserGistSharesTableViewCell.xib */; };
		0BC6018F274797D500B710F1 /* UserGistSharesTableViewCell.swift in Sources */ = {isa = PBXBuildFile; fileRef = 0BC6018D274797D500B710F1 /* UserGistSharesTableViewCell.swift */; };
		C10EEC29BF76D12C6A8F9667 /* Pods_Gists.framework in Frameworks */ = {isa = PBXBuildFile; fileRef = DEDAC6E6065ACB5E13A12182 /* Pods_Gists.framework */; };
/* End PBXBuildFile section */

/* Begin PBXContainerItemProxy section */
		0BC6013E2746B28600B710F1 /* PBXContainerItemProxy */ = {
			isa = PBXContainerItemProxy;
			containerPortal = 0BC6011F2746B28200B710F1 /* Project object */;
			proxyType = 1;
			remoteGlobalIDString = 0BC601262746B28200B710F1;
			remoteInfo = Gists;
		};
		0BC601492746B28600B710F1 /* PBXContainerItemProxy */ = {
			isa = PBXContainerItemProxy;
			containerPortal = 0BC6011F2746B28200B710F1 /* Project object */;
			proxyType = 1;
			remoteGlobalIDString = 0BC601262746B28200B710F1;
			remoteInfo = Gists;
		};
/* End PBXContainerItemProxy section */

/* Begin PBXFileReference section */
		0BB9D4D02748F3250011F1AD /* GistListViewModelDataManager.swift */ = {isa = PBXFileReference; lastKnownFileType = sourcecode.swift; path = GistListViewModelDataManager.swift; sourceTree = "<group>"; };
		0BB9D4D2274AA0340011F1AD /* APIRequest.swift */ = {isa = PBXFileReference; lastKnownFileType = sourcecode.swift; path = APIRequest.swift; sourceTree = "<group>"; };
		0BB9D4D4274AA0500011F1AD /* GistRequest.swift */ = {isa = PBXFileReference; lastKnownFileType = sourcecode.swift; path = GistRequest.swift; sourceTree = "<group>"; };
		0BB9D4D6274AA0690011F1AD /* UserSharesRequest.swift */ = {isa = PBXFileReference; lastKnownFileType = sourcecode.swift; path = UserSharesRequest.swift; sourceTree = "<group>"; };
		0BC601272746B28200B710F1 /* Gists.app */ = {isa = PBXFileReference; explicitFileType = wrapper.application; includeInIndex = 0; path = Gists.app; sourceTree = BUILT_PRODUCTS_DIR; };
		0BC6012A2746B28200B710F1 /* AppDelegate.swift */ = {isa = PBXFileReference; lastKnownFileType = sourcecode.swift; path = AppDelegate.swift; sourceTree = "<group>"; };
		0BC6012C2746B28200B710F1 /* SceneDelegate.swift */ = {isa = PBXFileReference; lastKnownFileType = sourcecode.swift; path = SceneDelegate.swift; sourceTree = "<group>"; };
		0BC601312746B28200B710F1 /* Base */ = {isa = PBXFileReference; lastKnownFileType = file.storyboard; name = Base; path = Base.lproj/Main.storyboard; sourceTree = "<group>"; };
		0BC601332746B28500B710F1 /* Assets.xcassets */ = {isa = PBXFileReference; lastKnownFileType = folder.assetcatalog; path = Assets.xcassets; sourceTree = "<group>"; };
		0BC601362746B28500B710F1 /* Base */ = {isa = PBXFileReference; lastKnownFileType = file.storyboard; name = Base; path = Base.lproj/LaunchScreen.storyboard; sourceTree = "<group>"; };
		0BC601382746B28500B710F1 /* Info.plist */ = {isa = PBXFileReference; lastKnownFileType = text.plist.xml; path = Info.plist; sourceTree = "<group>"; };
		0BC6013D2746B28600B710F1 /* GistsTests.xctest */ = {isa = PBXFileReference; explicitFileType = wrapper.cfbundle; includeInIndex = 0; path = GistsTests.xctest; sourceTree = BUILT_PRODUCTS_DIR; };
		0BC601412746B28600B710F1 /* GistsTests.swift */ = {isa = PBXFileReference; lastKnownFileType = sourcecode.swift; path = GistsTests.swift; sourceTree = "<group>"; };
		0BC601432746B28600B710F1 /* Info.plist */ = {isa = PBXFileReference; lastKnownFileType = text.plist.xml; path = Info.plist; sourceTree = "<group>"; };
		0BC601482746B28600B710F1 /* GistsUITests.xctest */ = {isa = PBXFileReference; explicitFileType = wrapper.cfbundle; includeInIndex = 0; path = GistsUITests.xctest; sourceTree = BUILT_PRODUCTS_DIR; };
		0BC6014C2746B28600B710F1 /* GistsUITests.swift */ = {isa = PBXFileReference; lastKnownFileType = sourcecode.swift; path = GistsUITests.swift; sourceTree = "<group>"; };
		0BC6014E2746B28600B710F1 /* Info.plist */ = {isa = PBXFileReference; lastKnownFileType = text.plist.xml; path = Info.plist; sourceTree = "<group>"; };
		0BC6015A2746B32800B710F1 /* APIClient.swift */ = {isa = PBXFileReference; fileEncoding = 4; lastKnownFileType = sourcecode.swift; path = APIClient.swift; sourceTree = "<group>"; };
		0BC6015C2746B32800B710F1 /* GistListViewController.swift */ = {isa = PBXFileReference; fileEncoding = 4; lastKnownFileType = sourcecode.swift; path = GistListViewController.swift; sourceTree = "<group>"; };
		0BC6015D2746B32800B710F1 /* GistTableViewCell.swift */ = {isa = PBXFileReference; fileEncoding = 4; lastKnownFileType = sourcecode.swift; path = GistTableViewCell.swift; sourceTree = "<group>"; };
		0BC6015E2746B32800B710F1 /* UserFiles.swift */ = {isa = PBXFileReference; fileEncoding = 4; lastKnownFileType = sourcecode.swift; path = UserFiles.swift; sourceTree = "<group>"; };
		0BC6015F2746B32800B710F1 /* UIImage+Extension.swift */ = {isa = PBXFileReference; fileEncoding = 4; lastKnownFileType = sourcecode.swift; path = "UIImage+Extension.swift"; sourceTree = "<group>"; };
		0BC601612746B32800B710F1 /* GistListViewModel.swift */ = {isa = PBXFileReference; fileEncoding = 4; lastKnownFileType = sourcecode.swift; path = GistListViewModel.swift; sourceTree = "<group>"; };
		0BC601622746B32800B710F1 /* DetailViewController.swift */ = {isa = PBXFileReference; fileEncoding = 4; lastKnownFileType = sourcecode.swift; path = DetailViewController.swift; sourceTree = "<group>"; };
		0BC601632746B32800B710F1 /* Constants.swift */ = {isa = PBXFileReference; fileEncoding = 4; lastKnownFileType = sourcecode.swift; path = Constants.swift; sourceTree = "<group>"; };
		0BC601652746B32800B710F1 /* Gist.swift */ = {isa = PBXFileReference; fileEncoding = 4; lastKnownFileType = sourcecode.swift; path = Gist.swift; sourceTree = "<group>"; };
		0BC601662746B32800B710F1 /* GistUser.swift */ = {isa = PBXFileReference; fileEncoding = 4; lastKnownFileType = sourcecode.swift; path = GistUser.swift; sourceTree = "<group>"; };
		0BC601672746B32800B710F1 /* GistTableViewCell.xib */ = {isa = PBXFileReference; fileEncoding = 4; lastKnownFileType = file.xib; path = GistTableViewCell.xib; sourceTree = "<group>"; };
		0BC6017E2746B65F00B710F1 /* Alamofire.xcframework */ = {isa = PBXFileReference; lastKnownFileType = wrapper.xcframework; name = Alamofire.xcframework; path = Carthage/Build/Alamofire.xcframework; sourceTree = "<group>"; };
		0BC6017F2746B65F00B710F1 /* RxCocoaRuntime.xcframework */ = {isa = PBXFileReference; lastKnownFileType = wrapper.xcframework; name = RxCocoaRuntime.xcframework; path = Carthage/Build/RxCocoaRuntime.xcframework; sourceTree = "<group>"; };
		0BC601822746B6E900B710F1 /* Alamofire.framework */ = {isa = PBXFileReference; lastKnownFileType = wrapper.framework; name = Alamofire.framework; path = Carthage/Build/iOS/Alamofire.framework; sourceTree = "<group>"; };
		0BC601862746C45300B710F1 /* ViewModelBridge.swift */ = {isa = PBXFileReference; lastKnownFileType = sourcecode.swift; path = ViewModelBridge.swift; sourceTree = "<group>"; };
		0BC601892747943400B710F1 /* UserGistShares.swift */ = {isa = PBXFileReference; fileEncoding = 4; lastKnownFileType = sourcecode.swift; path = UserGistShares.swift; sourceTree = "<group>"; };
		0BC6018C274797D500B710F1 /* UserGistSharesTableViewCell.xib */ = {isa = PBXFileReference; fileEncoding = 4; lastKnownFileType = file.xib; path = UserGistSharesTableViewCell.xib; sourceTree = "<group>"; };
		0BC6018D274797D500B710F1 /* UserGistSharesTableViewCell.swift */ = {isa = PBXFileReference; fileEncoding = 4; lastKnownFileType = sourcecode.swift; path = UserGistSharesTableViewCell.swift; sourceTree = "<group>"; };
		827895F3596E51CF6467E30F /* Pods-Gists.debug.xcconfig */ = {isa = PBXFileReference; includeInIndex = 1; lastKnownFileType = text.xcconfig; name = "Pods-Gists.debug.xcconfig"; path = "Target Support Files/Pods-Gists/Pods-Gists.debug.xcconfig"; sourceTree = "<group>"; };
		DEDAC6E6065ACB5E13A12182 /* Pods_Gists.framework */ = {isa = PBXFileReference; explicitFileType = wrapper.framework; includeInIndex = 0; path = Pods_Gists.framework; sourceTree = BUILT_PRODUCTS_DIR; };
		E801B53DB6755620C38DC013 /* Pods-Gists.release.xcconfig */ = {isa = PBXFileReference; includeInIndex = 1; lastKnownFileType = text.xcconfig; name = "Pods-Gists.release.xcconfig"; path = "Target Support Files/Pods-Gists/Pods-Gists.release.xcconfig"; sourceTree = "<group>"; };
/* End PBXFileReference section */

/* Begin PBXFrameworksBuildPhase section */
		0BC601242746B28200B710F1 /* Frameworks */ = {
			isa = PBXFrameworksBuildPhase;
			buildActionMask = 2147483647;
			files = (
				C10EEC29BF76D12C6A8F9667 /* Pods_Gists.framework in Frameworks */,
			);
			runOnlyForDeploymentPostprocessing = 0;
		};
		0BC6013A2746B28600B710F1 /* Frameworks */ = {
			isa = PBXFrameworksBuildPhase;
			buildActionMask = 2147483647;
			files = (
			);
			runOnlyForDeploymentPostprocessing = 0;
		};
		0BC601452746B28600B710F1 /* Frameworks */ = {
			isa = PBXFrameworksBuildPhase;
			buildActionMask = 2147483647;
			files = (
			);
			runOnlyForDeploymentPostprocessing = 0;
		};
/* End PBXFrameworksBuildPhase section */

/* Begin PBXGroup section */
		0BB9D4DD274AA33E0011F1AD /* Request */ = {
			isa = PBXGroup;
			children = (
				0BB9D4D4274AA0500011F1AD /* GistRequest.swift */,
				0BB9D4D6274AA0690011F1AD /* UserSharesRequest.swift */,
			);
			path = Request;
			sourceTree = "<group>";
		};
		0BC6011E2746B28200B710F1 = {
			isa = PBXGroup;
			children = (
				0BC601292746B28200B710F1 /* Gists */,
				0BC601402746B28600B710F1 /* GistsTests */,
				0BC6014B2746B28600B710F1 /* GistsUITests */,
				0BC601282746B28200B710F1 /* Products */,
				0BC6017D2746B65F00B710F1 /* Frameworks */,
				7FEB10928DD62B6D64B4E4A9 /* Pods */,
			);
			sourceTree = "<group>";
		};
		0BC601282746B28200B710F1 /* Products */ = {
			isa = PBXGroup;
			children = (
				0BC601272746B28200B710F1 /* Gists.app */,
				0BC6013D2746B28600B710F1 /* GistsTests.xctest */,
				0BC601482746B28600B710F1 /* GistsUITests.xctest */,
			);
			name = Products;
			sourceTree = "<group>";
		};
		0BC601292746B28200B710F1 /* Gists */ = {
			isa = PBXGroup;
			children = (
				0BC6017B2746B38C00B710F1 /* Tools */,
				0BC6017A2746B36F00B710F1 /* Networking */,
				0BC601772746B33200B710F1 /* ViewControllers */,
				0BC601782746B34600B710F1 /* Entity */,
				0BC601792746B35100B710F1 /* Cell */,
				0BC601602746B32800B710F1 /* ViewModel */,
				0BC6012A2746B28200B710F1 /* AppDelegate.swift */,
				0BC6012C2746B28200B710F1 /* SceneDelegate.swift */,
				0BC601302746B28200B710F1 /* Main.storyboard */,
				0BC601332746B28500B710F1 /* Assets.xcassets */,
				0BC601352746B28500B710F1 /* LaunchScreen.storyboard */,
				0BC601382746B28500B710F1 /* Info.plist */,
			);
			path = Gists;
			sourceTree = "<group>";
		};
		0BC601402746B28600B710F1 /* GistsTests */ = {
			isa = PBXGroup;
			children = (
				0BC601412746B28600B710F1 /* GistsTests.swift */,
				0BC601432746B28600B710F1 /* Info.plist */,
			);
			path = GistsTests;
			sourceTree = "<group>";
		};
		0BC6014B2746B28600B710F1 /* GistsUITests */ = {
			isa = PBXGroup;
			children = (
				0BC6014C2746B28600B710F1 /* GistsUITests.swift */,
				0BC6014E2746B28600B710F1 /* Info.plist */,
			);
			path = GistsUITests;
			sourceTree = "<group>";
		};
		0BC601602746B32800B710F1 /* ViewModel */ = {
			isa = PBXGroup;
			children = (
				0BC601612746B32800B710F1 /* GistListViewModel.swift */,
				0BC601862746C45300B710F1 /* ViewModelBridge.swift */,
				0BB9D4D02748F3250011F1AD /* GistListViewModelDataManager.swift */,
			);
			path = ViewModel;
			sourceTree = "<group>";
		};
		0BC601772746B33200B710F1 /* ViewControllers */ = {
			isa = PBXGroup;
			children = (
				0BC6015C2746B32800B710F1 /* GistListViewController.swift */,
				0BC601622746B32800B710F1 /* DetailViewController.swift */,
			);
			path = ViewControllers;
			sourceTree = "<group>";
		};
		0BC601782746B34600B710F1 /* Entity */ = {
			isa = PBXGroup;
			children = (
				0BC601892747943400B710F1 /* UserGistShares.swift */,
				0BC601652746B32800B710F1 /* Gist.swift */,
				0BC601662746B32800B710F1 /* GistUser.swift */,
				0BC6015E2746B32800B710F1 /* UserFiles.swift */,
			);
			path = Entity;
			sourceTree = "<group>";
		};
		0BC601792746B35100B710F1 /* Cell */ = {
			isa = PBXGroup;
			children = (
				0BC6018D274797D500B710F1 /* UserGistSharesTableViewCell.swift */,
				0BC6018C274797D500B710F1 /* UserGistSharesTableViewCell.xib */,
				0BC6015D2746B32800B710F1 /* GistTableViewCell.swift */,
				0BC601672746B32800B710F1 /* GistTableViewCell.xib */,
			);
			path = Cell;
			sourceTree = "<group>";
		};
		0BC6017A2746B36F00B710F1 /* Networking */ = {
			isa = PBXGroup;
			children = (
				0BC6015A2746B32800B710F1 /* APIClient.swift */,
				0BB9D4D2274AA0340011F1AD /* APIRequest.swift */,
				0BB9D4DD274AA33E0011F1AD /* Request */,
			);
			path = Networking;
			sourceTree = "<group>";
		};
		0BC6017B2746B38C00B710F1 /* Tools */ = {
			isa = PBXGroup;
			children = (
				0BC601632746B32800B710F1 /* Constants.swift */,
				0BC6015F2746B32800B710F1 /* UIImage+Extension.swift */,
			);
			path = Tools;
			sourceTree = "<group>";
		};
		0BC6017D2746B65F00B710F1 /* Frameworks */ = {
			isa = PBXGroup;
			children = (
				0BC601822746B6E900B710F1 /* Alamofire.framework */,
				0BC6017E2746B65F00B710F1 /* Alamofire.xcframework */,
				0BC6017F2746B65F00B710F1 /* RxCocoaRuntime.xcframework */,
				DEDAC6E6065ACB5E13A12182 /* Pods_Gists.framework */,
			);
			name = Frameworks;
			sourceTree = "<group>";
		};
		7FEB10928DD62B6D64B4E4A9 /* Pods */ = {
			isa = PBXGroup;
			children = (
				827895F3596E51CF6467E30F /* Pods-Gists.debug.xcconfig */,
				E801B53DB6755620C38DC013 /* Pods-Gists.release.xcconfig */,
			);
			path = Pods;
			sourceTree = "<group>";
		};
/* End PBXGroup section */

/* Begin PBXNativeTarget section */
		0BC601262746B28200B710F1 /* Gists */ = {
			isa = PBXNativeTarget;
			buildConfigurationList = 0BC601512746B28600B710F1 /* Build configuration list for PBXNativeTarget "Gists" */;
			buildPhases = (
				D9A4224A2F9820EDDF65447F /* [CP] Check Pods Manifest.lock */,
				0BC601232746B28200B710F1 /* Sources */,
				0BC601242746B28200B710F1 /* Frameworks */,
				0BC601252746B28200B710F1 /* Resources */,
				D4E60D2DECF7681522490CB0 /* [CP] Embed Pods Frameworks */,
			);
			buildRules = (
			);
			dependencies = (
			);
			name = Gists;
			productName = Gists;
			productReference = 0BC601272746B28200B710F1 /* Gists.app */;
			productType = "com.apple.product-type.application";
		};
		0BC6013C2746B28600B710F1 /* GistsTests */ = {
			isa = PBXNativeTarget;
			buildConfigurationList = 0BC601542746B28600B710F1 /* Build configuration list for PBXNativeTarget "GistsTests" */;
			buildPhases = (
				0BC601392746B28600B710F1 /* Sources */,
				0BC6013A2746B28600B710F1 /* Frameworks */,
				0BC6013B2746B28600B710F1 /* Resources */,
			);
			buildRules = (
			);
			dependencies = (
				0BC6013F2746B28600B710F1 /* PBXTargetDependency */,
			);
			name = GistsTests;
			productName = GistsTests;
			productReference = 0BC6013D2746B28600B710F1 /* GistsTests.xctest */;
			productType = "com.apple.product-type.bundle.unit-test";
		};
		0BC601472746B28600B710F1 /* GistsUITests */ = {
			isa = PBXNativeTarget;
			buildConfigurationList = 0BC601572746B28600B710F1 /* Build configuration list for PBXNativeTarget "GistsUITests" */;
			buildPhases = (
				0BC601442746B28600B710F1 /* Sources */,
				0BC601452746B28600B710F1 /* Frameworks */,
				0BC601462746B28600B710F1 /* Resources */,
			);
			buildRules = (
			);
			dependencies = (
				0BC6014A2746B28600B710F1 /* PBXTargetDependency */,
			);
			name = GistsUITests;
			productName = GistsUITests;
			productReference = 0BC601482746B28600B710F1 /* GistsUITests.xctest */;
			productType = "com.apple.product-type.bundle.ui-testing";
		};
/* End PBXNativeTarget section */

/* Begin PBXProject section */
		0BC6011F2746B28200B710F1 /* Project object */ = {
			isa = PBXProject;
			attributes = {
				LastSwiftUpdateCheck = 1250;
				LastUpgradeCheck = 1250;
				TargetAttributes = {
					0BC601262746B28200B710F1 = {
						CreatedOnToolsVersion = 12.5;
					};
					0BC6013C2746B28600B710F1 = {
						CreatedOnToolsVersion = 12.5;
						TestTargetID = 0BC601262746B28200B710F1;
					};
					0BC601472746B28600B710F1 = {
						CreatedOnToolsVersion = 12.5;
						TestTargetID = 0BC601262746B28200B710F1;
					};
				};
			};
			buildConfigurationList = 0BC601222746B28200B710F1 /* Build configuration list for PBXProject "Gists" */;
			compatibilityVersion = "Xcode 9.3";
			developmentRegion = en;
			hasScannedForEncodings = 0;
			knownRegions = (
				en,
				Base,
			);
			mainGroup = 0BC6011E2746B28200B710F1;
			productRefGroup = 0BC601282746B28200B710F1 /* Products */;
			projectDirPath = "";
			projectRoot = "";
			targets = (
				0BC601262746B28200B710F1 /* Gists */,
				0BC6013C2746B28600B710F1 /* GistsTests */,
				0BC601472746B28600B710F1 /* GistsUITests */,
			);
		};
/* End PBXProject section */

/* Begin PBXResourcesBuildPhase section */
		0BC601252746B28200B710F1 /* Resources */ = {
			isa = PBXResourcesBuildPhase;
			buildActionMask = 2147483647;
			files = (
				0BC601752746B32800B710F1 /* GistTableViewCell.xib in Resources */,
				0BC601372746B28500B710F1 /* LaunchScreen.storyboard in Resources */,
				0BC6018E274797D500B710F1 /* UserGistSharesTableViewCell.xib in Resources */,
				0BC601342746B28500B710F1 /* Assets.xcassets in Resources */,
				0BC601322746B28200B710F1 /* Main.storyboard in Resources */,
			);
			runOnlyForDeploymentPostprocessing = 0;
		};
		0BC6013B2746B28600B710F1 /* Resources */ = {
			isa = PBXResourcesBuildPhase;
			buildActionMask = 2147483647;
			files = (
			);
			runOnlyForDeploymentPostprocessing = 0;
		};
		0BC601462746B28600B710F1 /* Resources */ = {
			isa = PBXResourcesBuildPhase;
			buildActionMask = 2147483647;
			files = (
			);
			runOnlyForDeploymentPostprocessing = 0;
		};
/* End PBXResourcesBuildPhase section */

/* Begin PBXShellScriptBuildPhase section */
		D4E60D2DECF7681522490CB0 /* [CP] Embed Pods Frameworks */ = {
			isa = PBXShellScriptBuildPhase;
			buildActionMask = 2147483647;
			files = (
			);
			inputFileListPaths = (
				"${PODS_ROOT}/Target Support Files/Pods-Gists/Pods-Gists-frameworks-${CONFIGURATION}-input-files.xcfilelist",
			);
			name = "[CP] Embed Pods Frameworks";
			outputFileListPaths = (
				"${PODS_ROOT}/Target Support Files/Pods-Gists/Pods-Gists-frameworks-${CONFIGURATION}-output-files.xcfilelist",
			);
			runOnlyForDeploymentPostprocessing = 0;
			shellPath = /bin/sh;
			shellScript = "\"${PODS_ROOT}/Target Support Files/Pods-Gists/Pods-Gists-frameworks.sh\"\n";
			showEnvVarsInLog = 0;
		};
		D9A4224A2F9820EDDF65447F /* [CP] Check Pods Manifest.lock */ = {
			isa = PBXShellScriptBuildPhase;
			buildActionMask = 2147483647;
			files = (
			);
			inputFileListPaths = (
			);
			inputPaths = (
				"${PODS_PODFILE_DIR_PATH}/Podfile.lock",
				"${PODS_ROOT}/Manifest.lock",
			);
			name = "[CP] Check Pods Manifest.lock";
			outputFileListPaths = (
			);
			outputPaths = (
				"$(DERIVED_FILE_DIR)/Pods-Gists-checkManifestLockResult.txt",
			);
			runOnlyForDeploymentPostprocessing = 0;
			shellPath = /bin/sh;
			shellScript = "diff \"${PODS_PODFILE_DIR_PATH}/Podfile.lock\" \"${PODS_ROOT}/Manifest.lock\" > /dev/null\nif [ $? != 0 ] ; then\n    # print error to STDERR\n    echo \"error: The sandbox is not in sync with the Podfile.lock. Run 'pod install' or update your CocoaPods installation.\" >&2\n    exit 1\nfi\n# This output is used by Xcode 'outputs' to avoid re-running this script phase.\necho \"SUCCESS\" > \"${SCRIPT_OUTPUT_FILE_0}\"\n";
			showEnvVarsInLog = 0;
		};
/* End PBXShellScriptBuildPhase section */

/* Begin PBXSourcesBuildPhase section */
		0BC601232746B28200B710F1 /* Sources */ = {
			isa = PBXSourcesBuildPhase;
			buildActionMask = 2147483647;
			files = (
				0BC6016C2746B32800B710F1 /* GistTableViewCell.swift in Sources */,
				0BC601712746B32800B710F1 /* Constants.swift in Sources */,
				0BB9D4D12748F3250011F1AD /* GistListViewModelDataManager.swift in Sources */,
				0BC6016D2746B32800B710F1 /* UserFiles.swift in Sources */,
				0BB9D4D3274AA0340011F1AD /* APIRequest.swift in Sources */,
				0BB9D4D7274AA0690011F1AD /* UserSharesRequest.swift in Sources */,
				0BC6018F274797D500B710F1 /* UserGistSharesTableViewCell.swift in Sources */,
				0BC601742746B32800B710F1 /* GistUser.swift in Sources */,
				0BC601732746B32800B710F1 /* Gist.swift in Sources */,
				0BC6012B2746B28200B710F1 /* AppDelegate.swift in Sources */,
				0BC6016E2746B32800B710F1 /* UIImage+Extension.swift in Sources */,
				0BC601872746C45300B710F1 /* ViewModelBridge.swift in Sources */,
				0BC6016B2746B32800B710F1 /* GistListViewController.swift in Sources */,
				0BC6018B2747943400B710F1 /* UserGistShares.swift in Sources */,
				0BB9D4D5274AA0500011F1AD /* GistRequest.swift in Sources */,
				0BC6012D2746B28200B710F1 /* SceneDelegate.swift in Sources */,
				0BC601702746B32800B710F1 /* DetailViewController.swift in Sources */,
				0BC6016F2746B32800B710F1 /* GistListViewModel.swift in Sources */,
				0BC601692746B32800B710F1 /* APIClient.swift in Sources */,
			);
			runOnlyForDeploymentPostprocessing = 0;
		};
		0BC601392746B28600B710F1 /* Sources */ = {
			isa = PBXSourcesBuildPhase;
			buildActionMask = 2147483647;
			files = (
				0BC601422746B28600B710F1 /* GistsTests.swift in Sources */,
			);
			runOnlyForDeploymentPostprocessing = 0;
		};
		0BC601442746B28600B710F1 /* Sources */ = {
			isa = PBXSourcesBuildPhase;
			buildActionMask = 2147483647;
			files = (
				0BC6014D2746B28600B710F1 /* GistsUITests.swift in Sources */,
			);
			runOnlyForDeploymentPostprocessing = 0;
		};
/* End PBXSourcesBuildPhase section */

/* Begin PBXTargetDependency section */
		0BC6013F2746B28600B710F1 /* PBXTargetDependency */ = {
			isa = PBXTargetDependency;
			target = 0BC601262746B28200B710F1 /* Gists */;
			targetProxy = 0BC6013E2746B28600B710F1 /* PBXContainerItemProxy */;
		};
		0BC6014A2746B28600B710F1 /* PBXTargetDependency */ = {
			isa = PBXTargetDependency;
			target = 0BC601262746B28200B710F1 /* Gists */;
			targetProxy = 0BC601492746B28600B710F1 /* PBXContainerItemProxy */;
		};
/* End PBXTargetDependency section */

/* Begin PBXVariantGroup section */
		0BC601302746B28200B710F1 /* Main.storyboard */ = {
			isa = PBXVariantGroup;
			children = (
				0BC601312746B28200B710F1 /* Base */,
			);
			name = Main.storyboard;
			sourceTree = "<group>";
		};
		0BC601352746B28500B710F1 /* LaunchScreen.storyboard */ = {
			isa = PBXVariantGroup;
			children = (
				0BC601362746B28500B710F1 /* Base */,
			);
			name = LaunchScreen.storyboard;
			sourceTree = "<group>";
		};
/* End PBXVariantGroup section */

/* Begin XCBuildConfiguration section */
		0BC6014F2746B28600B710F1 /* Debug */ = {
			isa = XCBuildConfiguration;
			buildSettings = {
				ALWAYS_SEARCH_USER_PATHS = NO;
				CLANG_ANALYZER_NONNULL = YES;
				CLANG_ANALYZER_NUMBER_OBJECT_CONVERSION = YES_AGGRESSIVE;
				CLANG_CXX_LANGUAGE_STANDARD = "gnu++14";
				CLANG_CXX_LIBRARY = "libc++";
				CLANG_ENABLE_MODULES = YES;
				CLANG_ENABLE_OBJC_ARC = YES;
				CLANG_ENABLE_OBJC_WEAK = YES;
				CLANG_WARN_BLOCK_CAPTURE_AUTORELEASING = YES;
				CLANG_WARN_BOOL_CONVERSION = YES;
				CLANG_WARN_COMMA = YES;
				CLANG_WARN_CONSTANT_CONVERSION = YES;
				CLANG_WARN_DEPRECATED_OBJC_IMPLEMENTATIONS = YES;
				CLANG_WARN_DIRECT_OBJC_ISA_USAGE = YES_ERROR;
				CLANG_WARN_DOCUMENTATION_COMMENTS = YES;
				CLANG_WARN_EMPTY_BODY = YES;
				CLANG_WARN_ENUM_CONVERSION = YES;
				CLANG_WARN_INFINITE_RECURSION = YES;
				CLANG_WARN_INT_CONVERSION = YES;
				CLANG_WARN_NON_LITERAL_NULL_CONVERSION = YES;
				CLANG_WARN_OBJC_IMPLICIT_RETAIN_SELF = YES;
				CLANG_WARN_OBJC_LITERAL_CONVERSION = YES;
				CLANG_WARN_OBJC_ROOT_CLASS = YES_ERROR;
				CLANG_WARN_QUOTED_INCLUDE_IN_FRAMEWORK_HEADER = YES;
				CLANG_WARN_RANGE_LOOP_ANALYSIS = YES;
				CLANG_WARN_STRICT_PROTOTYPES = YES;
				CLANG_WARN_SUSPICIOUS_MOVE = YES;
				CLANG_WARN_UNGUARDED_AVAILABILITY = YES_AGGRESSIVE;
				CLANG_WARN_UNREACHABLE_CODE = YES;
				CLANG_WARN__DUPLICATE_METHOD_MATCH = YES;
				COPY_PHASE_STRIP = NO;
				DEBUG_INFORMATION_FORMAT = dwarf;
				ENABLE_STRICT_OBJC_MSGSEND = YES;
				ENABLE_TESTABILITY = YES;
				GCC_C_LANGUAGE_STANDARD = gnu11;
				GCC_DYNAMIC_NO_PIC = NO;
				GCC_NO_COMMON_BLOCKS = YES;
				GCC_OPTIMIZATION_LEVEL = 0;
				GCC_PREPROCESSOR_DEFINITIONS = (
					"DEBUG=1",
					"$(inherited)",
				);
				GCC_WARN_64_TO_32_BIT_CONVERSION = YES;
				GCC_WARN_ABOUT_RETURN_TYPE = YES_ERROR;
				GCC_WARN_UNDECLARED_SELECTOR = YES;
				GCC_WARN_UNINITIALIZED_AUTOS = YES_AGGRESSIVE;
				GCC_WARN_UNUSED_FUNCTION = YES;
				GCC_WARN_UNUSED_VARIABLE = YES;
				IPHONEOS_DEPLOYMENT_TARGET = 14.5;
				MTL_ENABLE_DEBUG_INFO = INCLUDE_SOURCE;
				MTL_FAST_MATH = YES;
				ONLY_ACTIVE_ARCH = YES;
				SDKROOT = iphoneos;
				SWIFT_ACTIVE_COMPILATION_CONDITIONS = DEBUG;
				SWIFT_OPTIMIZATION_LEVEL = "-Onone";
			};
			name = Debug;
		};
		0BC601502746B28600B710F1 /* Release */ = {
			isa = XCBuildConfiguration;
			buildSettings = {
				ALWAYS_SEARCH_USER_PATHS = NO;
				CLANG_ANALYZER_NONNULL = YES;
				CLANG_ANALYZER_NUMBER_OBJECT_CONVERSION = YES_AGGRESSIVE;
				CLANG_CXX_LANGUAGE_STANDARD = "gnu++14";
				CLANG_CXX_LIBRARY = "libc++";
				CLANG_ENABLE_MODULES = YES;
				CLANG_ENABLE_OBJC_ARC = YES;
				CLANG_ENABLE_OBJC_WEAK = YES;
				CLANG_WARN_BLOCK_CAPTURE_AUTORELEASING = YES;
				CLANG_WARN_BOOL_CONVERSION = YES;
				CLANG_WARN_COMMA = YES;
				CLANG_WARN_CONSTANT_CONVERSION = YES;
				CLANG_WARN_DEPRECATED_OBJC_IMPLEMENTATIONS = YES;
				CLANG_WARN_DIRECT_OBJC_ISA_USAGE = YES_ERROR;
				CLANG_WARN_DOCUMENTATION_COMMENTS = YES;
				CLANG_WARN_EMPTY_BODY = YES;
				CLANG_WARN_ENUM_CONVERSION = YES;
				CLANG_WARN_INFINITE_RECURSION = YES;
				CLANG_WARN_INT_CONVERSION = YES;
				CLANG_WARN_NON_LITERAL_NULL_CONVERSION = YES;
				CLANG_WARN_OBJC_IMPLICIT_RETAIN_SELF = YES;
				CLANG_WARN_OBJC_LITERAL_CONVERSION = YES;
				CLANG_WARN_OBJC_ROOT_CLASS = YES_ERROR;
				CLANG_WARN_QUOTED_INCLUDE_IN_FRAMEWORK_HEADER = YES;
				CLANG_WARN_RANGE_LOOP_ANALYSIS = YES;
				CLANG_WARN_STRICT_PROTOTYPES = YES;
				CLANG_WARN_SUSPICIOUS_MOVE = YES;
				CLANG_WARN_UNGUARDED_AVAILABILITY = YES_AGGRESSIVE;
				CLANG_WARN_UNREACHABLE_CODE = YES;
				CLANG_WARN__DUPLICATE_METHOD_MATCH = YES;
				COPY_PHASE_STRIP = NO;
				DEBUG_INFORMATION_FORMAT = "dwarf-with-dsym";
				ENABLE_NS_ASSERTIONS = NO;
				ENABLE_STRICT_OBJC_MSGSEND = YES;
				GCC_C_LANGUAGE_STANDARD = gnu11;
				GCC_NO_COMMON_BLOCKS = YES;
				GCC_WARN_64_TO_32_BIT_CONVERSION = YES;
				GCC_WARN_ABOUT_RETURN_TYPE = YES_ERROR;
				GCC_WARN_UNDECLARED_SELECTOR = YES;
				GCC_WARN_UNINITIALIZED_AUTOS = YES_AGGRESSIVE;
				GCC_WARN_UNUSED_FUNCTION = YES;
				GCC_WARN_UNUSED_VARIABLE = YES;
				IPHONEOS_DEPLOYMENT_TARGET = 14.5;
				MTL_ENABLE_DEBUG_INFO = NO;
				MTL_FAST_MATH = YES;
				SDKROOT = iphoneos;
				SWIFT_COMPILATION_MODE = wholemodule;
				SWIFT_OPTIMIZATION_LEVEL = "-O";
				VALIDATE_PRODUCT = YES;
			};
			name = Release;
		};
		0BC601522746B28600B710F1 /* Debug */ = {
			isa = XCBuildConfiguration;
			baseConfigurationReference = 827895F3596E51CF6467E30F /* Pods-Gists.debug.xcconfig */;
			buildSettings = {
				ASSETCATALOG_COMPILER_APPICON_NAME = AppIcon;
				ASSETCATALOG_COMPILER_GLOBAL_ACCENT_COLOR_NAME = AccentColor;
				CODE_SIGN_STYLE = Automatic;
				FRAMEWORK_SEARCH_PATHS = "$(inherited)";
				INFOPLIST_FILE = Gists/Info.plist;
				IPHONEOS_DEPLOYMENT_TARGET = 13.0;
				LD_RUNPATH_SEARCH_PATHS = (
					"$(inherited)",
					"@executable_path/Frameworks",
				);
				PRODUCT_BUNDLE_IDENTIFIER = com.assignment.gists.Gists;
				PRODUCT_NAME = "$(TARGET_NAME)";
				SWIFT_VERSION = 5.0;
				TARGETED_DEVICE_FAMILY = "1,2";
			};
			name = Debug;
		};
		0BC601532746B28600B710F1 /* Release */ = {
			isa = XCBuildConfiguration;
			baseConfigurationReference = E801B53DB6755620C38DC013 /* Pods-Gists.release.xcconfig */;
			buildSettings = {
				ASSETCATALOG_COMPILER_APPICON_NAME = AppIcon;
				ASSETCATALOG_COMPILER_GLOBAL_ACCENT_COLOR_NAME = AccentColor;
				CODE_SIGN_STYLE = Automatic;
				FRAMEWORK_SEARCH_PATHS = "$(inherited)";
				INFOPLIST_FILE = Gists/Info.plist;
				IPHONEOS_DEPLOYMENT_TARGET = 13.0;
				LD_RUNPATH_SEARCH_PATHS = (
					"$(inherited)",
					"@executable_path/Frameworks",
				);
				PRODUCT_BUNDLE_IDENTIFIER = com.assignment.gists.Gists;
				PRODUCT_NAME = "$(TARGET_NAME)";
				SWIFT_VERSION = 5.0;
				TARGETED_DEVICE_FAMILY = "1,2";
			};
			name = Release;
		};
		0BC601552746B28600B710F1 /* Debug */ = {
			isa = XCBuildConfiguration;
			buildSettings = {
				ALWAYS_EMBED_SWIFT_STANDARD_LIBRARIES = YES;
				BUNDLE_LOADER = "$(TEST_HOST)";
				CODE_SIGN_STYLE = Automatic;
				INFOPLIST_FILE = GistsTests/Info.plist;
				IPHONEOS_DEPLOYMENT_TARGET = 14.5;
				LD_RUNPATH_SEARCH_PATHS = (
					"$(inherited)",
					"@executable_path/Frameworks",
					"@loader_path/Frameworks",
				);
				PRODUCT_BUNDLE_IDENTIFIER = com.assignment.gists.GistsTests;
				PRODUCT_NAME = "$(TARGET_NAME)";
				SWIFT_VERSION = 5.0;
				TARGETED_DEVICE_FAMILY = "1,2";
				TEST_HOST = "$(BUILT_PRODUCTS_DIR)/Gists.app/Gists";
			};
			name = Debug;
		};
		0BC601562746B28600B710F1 /* Release */ = {
			isa = XCBuildConfiguration;
			buildSettings = {
				ALWAYS_EMBED_SWIFT_STANDARD_LIBRARIES = YES;
				BUNDLE_LOADER = "$(TEST_HOST)";
				CODE_SIGN_STYLE = Automatic;
				INFOPLIST_FILE = GistsTests/Info.plist;
				IPHONEOS_DEPLOYMENT_TARGET = 14.5;
				LD_RUNPATH_SEARCH_PATHS = (
					"$(inherited)",
					"@executable_path/Frameworks",
					"@loader_path/Frameworks",
				);
				PRODUCT_BUNDLE_IDENTIFIER = com.assignment.gists.GistsTests;
				PRODUCT_NAME = "$(TARGET_NAME)";
				SWIFT_VERSION = 5.0;
				TARGETED_DEVICE_FAMILY = "1,2";
				TEST_HOST = "$(BUILT_PRODUCTS_DIR)/Gists.app/Gists";
			};
			name = Release;
		};
		0BC601582746B28600B710F1 /* Debug */ = {
			isa = XCBuildConfiguration;
			buildSettings = {
				ALWAYS_EMBED_SWIFT_STANDARD_LIBRARIES = YES;
				CODE_SIGN_STYLE = Automatic;
				INFOPLIST_FILE = GistsUITests/Info.plist;
				LD_RUNPATH_SEARCH_PATHS = (
					"$(inherited)",
					"@executable_path/Frameworks",
					"@loader_path/Frameworks",
				);
				PRODUCT_BUNDLE_IDENTIFIER = com.assignment.gists.GistsUITests;
				PRODUCT_NAME = "$(TARGET_NAME)";
				SWIFT_VERSION = 5.0;
				TARGETED_DEVICE_FAMILY = "1,2";
				TEST_TARGET_NAME = Gists;
			};
			name = Debug;
		};
		0BC601592746B28600B710F1 /* Release */ = {
			isa = XCBuildConfiguration;
			buildSettings = {
				ALWAYS_EMBED_SWIFT_STANDARD_LIBRARIES = YES;
				CODE_SIGN_STYLE = Automatic;
				INFOPLIST_FILE = GistsUITests/Info.plist;
				LD_RUNPATH_SEARCH_PATHS = (
					"$(inherited)",
					"@executable_path/Frameworks",
					"@loader_path/Frameworks",
				);
				PRODUCT_BUNDLE_IDENTIFIER = com.assignment.gists.GistsUITests;
				PRODUCT_NAME = "$(TARGET_NAME)";
				SWIFT_VERSION = 5.0;
				TARGETED_DEVICE_FAMILY = "1,2";
				TEST_TARGET_NAME = Gists;
			};
			name = Release;
		};
/* End XCBuildConfiguration section */

/* Begin XCConfigurationList section */
		0BC601222746B28200B710F1 /* Build configuration list for PBXProject "Gists" */ = {
			isa = XCConfigurationList;
			buildConfigurations = (
				0BC6014F2746B28600B710F1 /* Debug */,
				0BC601502746B28600B710F1 /* Release */,
			);
			defaultConfigurationIsVisible = 0;
			defaultConfigurationName = Release;
		};
		0BC601512746B28600B710F1 /* Build configuration list for PBXNativeTarget "Gists" */ = {
			isa = XCConfigurationList;
			buildConfigurations = (
				0BC601522746B28600B710F1 /* Debug */,
				0BC601532746B28600B710F1 /* Release */,
			);
			defaultConfigurationIsVisible = 0;
			defaultConfigurationName = Release;
		};
		0BC601542746B28600B710F1 /* Build configuration list for PBXNativeTarget "GistsTests" */ = {
			isa = XCConfigurationList;
			buildConfigurations = (
				0BC601552746B28600B710F1 /* Debug */,
				0BC601562746B28600B710F1 /* Release */,
			);
			defaultConfigurationIsVisible = 0;
			defaultConfigurationName = Release;
		};
		0BC601572746B28600B710F1 /* Build configuration list for PBXNativeTarget "GistsUITests" */ = {
			isa = XCConfigurationList;
			buildConfigurations = (
				0BC601582746B28600B710F1 /* Debug */,
				0BC601592746B28600B710F1 /* Release */,
			);
			defaultConfigurationIsVisible = 0;
			defaultConfigurationName = Release;
		};
/* End XCConfigurationList section */
	};
	rootObject = 0BC6011F2746B28200B710F1 /* Project object */;
}
